// !$*UTF8*$!
{
	archiveVersion = 1;
	classes = {
	};
	objectVersion = 77;
	objects = {

/* Begin PBXBuildFile section */
		EF345B7F2E7558520013E564 /* URLWatcherCombine.swift in Sources */ = {isa = PBXBuildFile; fileRef = EF345B7E2E7558460013E564 /* URLWatcherCombine.swift */; };
		EFA6F50C2D82DED20023C380 /* TransactionsView.swift in Sources */ = {isa = PBXBuildFile; fileRef = EFA6F5092D82DED20023C380 /* TransactionsView.swift */; };
		EFA6F50D2D82DED20023C380 /* TryTransactionAPICombineApp.swift in Sources */ = {isa = PBXBuildFile; fileRef = EFA6F50A2D82DED20023C380 /* TryTransactionAPICombineApp.swift */; };
		EFA6F50E2D82DED20023C380 /* Preview Assets.xcassets in Resources */ = {isa = PBXBuildFile; fileRef = EFA6F5062D82DED20023C380 /* Preview Assets.xcassets */; };
		EFA6F50F2D82DED20023C380 /* Assets.xcassets in Resources */ = {isa = PBXBuildFile; fileRef = EFA6F5082D82DED20023C380 /* Assets.xcassets */; };
		EFA6F5122D82DF020023C380 /* Model.swift in Sources */ = {isa = PBXBuildFile; fileRef = EFA6F5112D82DF020023C380 /* Model.swift */; };
		EFA6F5142D82E03E0023C380 /* APIConnect.swift in Sources */ = {isa = PBXBuildFile; fileRef = EFA6F5132D82E03E0023C380 /* APIConnect.swift */; };
		EFA6F5192D82E65D0023C380 /* LoginView.swift in Sources */ = {isa = PBXBuildFile; fileRef = EFA6F5182D82E65D0023C380 /* LoginView.swift */; };
		EFA6F51B2D82F1AF0023C380 /* AddTransactionView.swift in Sources */ = {isa = PBXBuildFile; fileRef = EFA6F51A2D82F1AF0023C380 /* AddTransactionView.swift */; };
		EFFC4ABE2D925EB500DD45AB /* URLWatcher.swift in Sources */ = {isa = PBXBuildFile; fileRef = EFFC4ABD2D925EB500DD45AB /* URLWatcher.swift */; };
/* End PBXBuildFile section */

/* Begin PBXFileReference section */
		EF345B7E2E7558460013E564 /* URLWatcherCombine.swift */ = {isa = PBXFileReference; lastKnownFileType = sourcecode.swift; path = URLWatcherCombine.swift; sourceTree = "<group>"; };
		EFA6F4F52D82DEC60023C380 /* TryTransactionAPICombine.app */ = {isa = PBXFileReference; explicitFileType = wrapper.application; includeInIndex = 0; path = TryTransactionAPICombine.app; sourceTree = BUILT_PRODUCTS_DIR; };
		EFA6F5062D82DED20023C380 /* Preview Assets.xcassets */ = {isa = PBXFileReference; lastKnownFileType = folder.assetcatalog; path = "Preview Assets.xcassets"; sourceTree = "<group>"; };
		EFA6F5082D82DED20023C380 /* Assets.xcassets */ = {isa = PBXFileReference; lastKnownFileType = folder.assetcatalog; path = Assets.xcassets; sourceTree = "<group>"; };
		EFA6F5092D82DED20023C380 /* TransactionsView.swift */ = {isa = PBXFileReference; lastKnownFileType = sourcecode.swift; path = TransactionsView.swift; sourceTree = "<group>"; };
		EFA6F50A2D82DED20023C380 /* TryTransactionAPICombineApp.swift */ = {isa = PBXFileReference; lastKnownFileType = sourcecode.swift; path = TryTransactionAPICombineApp.swift; sourceTree = "<group>"; };
		EFA6F5112D82DF020023C380 /* Model.swift */ = {isa = PBXFileReference; lastKnownFileType = sourcecode.swift; path = Model.swift; sourceTree = "<group>"; };
		EFA6F5132D82E03E0023C380 /* APIConnect.swift */ = {isa = PBXFileReference; lastKnownFileType = sourcecode.swift; path = APIConnect.swift; sourceTree = "<group>"; };
		EFA6F5182D82E65D0023C380 /* LoginView.swift */ = {isa = PBXFileReference; lastKnownFileType = sourcecode.swift; path = LoginView.swift; sourceTree = "<group>"; };
		EFA6F51A2D82F1AF0023C380 /* AddTransactionView.swift */ = {isa = PBXFileReference; lastKnownFileType = sourcecode.swift; path = AddTransactionView.swift; sourceTree = "<group>"; };
		EFFC4ABD2D925EB500DD45AB /* URLWatcher.swift */ = {isa = PBXFileReference; lastKnownFileType = sourcecode.swift; path = URLWatcher.swift; sourceTree = "<group>"; };
/* End PBXFileReference section */

/* Begin PBXFrameworksBuildPhase section */
		EFA6F4F22D82DEC60023C380 /* Frameworks */ = {
			isa = PBXFrameworksBuildPhase;
			buildActionMask = 2147483647;
			files = (
			);
			runOnlyForDeploymentPostprocessing = 0;
		};
/* End PBXFrameworksBuildPhase section */

/* Begin PBXGroup section */
		EFA6F4EC2D82DEC60023C380 = {
			isa = PBXGroup;
			children = (
				EFA6F50B2D82DED20023C380 /* TryTransactionAPICombine */,
				EFA6F4F62D82DEC60023C380 /* Products */,
			);
			sourceTree = "<group>";
		};
		EFA6F4F62D82DEC60023C380 /* Products */ = {
			isa = PBXGroup;
			children = (
				EFA6F4F52D82DEC60023C380 /* TryTransactionAPICombine.app */,
			);
			name = Products;
			sourceTree = "<group>";
		};
		EFA6F5072D82DED20023C380 /* Preview Content */ = {
			isa = PBXGroup;
			children = (
				EFA6F5062D82DED20023C380 /* Preview Assets.xcassets */,
			);
			path = "Preview Content";
			sourceTree = "<group>";
		};
		EFA6F50B2D82DED20023C380 /* TryTransactionAPICombine */ = {
			isa = PBXGroup;
			children = (
				EFA6F5102D82DEE30023C380 /* Model */,
				EFA6F5172D82E6410023C380 /* View */,
				EFA6F50A2D82DED20023C380 /* TryTransactionAPICombineApp.swift */,
				EFA6F5082D82DED20023C380 /* Assets.xcassets */,
				EFA6F5072D82DED20023C380 /* Preview Content */,
			);
			path = TryTransactionAPICombine;
			sourceTree = "<group>";
		};
		EFA6F5102D82DEE30023C380 /* Model */ = {
			isa = PBXGroup;
			children = (
				EF345B7E2E7558460013E564 /* URLWatcherCombine.swift */,
				EFA6F5112D82DF020023C380 /* Model.swift */,
				EFA6F5132D82E03E0023C380 /* APIConnect.swift */,
				EFFC4ABD2D925EB500DD45AB /* URLWatcher.swift */,
			);
			path = Model;
			sourceTree = "<group>";
		};
		EFA6F5172D82E6410023C380 /* View */ = {
			isa = PBXGroup;
			children = (
				EFA6F5092D82DED20023C380 /* TransactionsView.swift */,
				EFA6F5182D82E65D0023C380 /* LoginView.swift */,
				EFA6F51A2D82F1AF0023C380 /* AddTransactionView.swift */,
			);
			path = View;
			sourceTree = "<group>";
		};
/* End PBXGroup section */

/* Begin PBXNativeTarget section */
		EFA6F4F42D82DEC60023C380 /* TryTransactionAPICombine */ = {
			isa = PBXNativeTarget;
			buildConfigurationList = EFA6F5032D82DEC70023C380 /* Build configuration list for PBXNativeTarget "TryTransactionAPICombine" */;
			buildPhases = (
				EFA6F4F12D82DEC60023C380 /* Sources */,
				EFA6F4F22D82DEC60023C380 /* Frameworks */,
				EFA6F4F32D82DEC60023C380 /* Resources */,
			);
			buildRules = (
			);
			dependencies = (
			);
			name = TryTransactionAPICombine;
			packageProductDependencies = (
			);
			productName = TryTransactionAPICombine;
			productReference = EFA6F4F52D82DEC60023C380 /* TryTransactionAPICombine.app */;
			productType = "com.apple.product-type.application";
		};
/* End PBXNativeTarget section */

/* Begin PBXProject section */
		EFA6F4ED2D82DEC60023C380 /* Project object */ = {
			isa = PBXProject;
			attributes = {
				BuildIndependentTargetsInParallel = 1;
				LastSwiftUpdateCheck = 1620;
				LastUpgradeCheck = 1620;
				TargetAttributes = {
					EFA6F4F42D82DEC60023C380 = {
						CreatedOnToolsVersion = 16.2;
					};
				};
			};
			buildConfigurationList = EFA6F4F02D82DEC60023C380 /* Build configuration list for PBXProject "TryTransactionAPICombine" */;
			developmentRegion = en;
			hasScannedForEncodings = 0;
			knownRegions = (
				en,
				Base,
			);
			mainGroup = EFA6F4EC2D82DEC60023C380;
			minimizedProjectReferenceProxies = 1;
			preferredProjectObjectVersion = 77;
			productRefGroup = EFA6F4F62D82DEC60023C380 /* Products */;
			projectDirPath = "";
			projectRoot = "";
			targets = (
				EFA6F4F42D82DEC60023C380 /* TryTransactionAPICombine */,
			);
		};
/* End PBXProject section */

/* Begin PBXResourcesBuildPhase section */
		EFA6F4F32D82DEC60023C380 /* Resources */ = {
			isa = PBXResourcesBuildPhase;
			buildActionMask = 2147483647;
			files = (
				EFA6F50E2D82DED20023C380 /* Preview Assets.xcassets in Resources */,
				EFA6F50F2D82DED20023C380 /* Assets.xcassets in Resources */,
			);
			runOnlyForDeploymentPostprocessing = 0;
		};
/* End PBXResourcesBuildPhase section */

/* Begin PBXSourcesBuildPhase section */
		EFA6F4F12D82DEC60023C380 /* Sources */ = {
			isa = PBXSourcesBuildPhase;
			buildActionMask = 2147483647;
			files = (
				EF345B7F2E7558520013E564 /* URLWatcherCombine.swift in Sources */,
				EFA6F5122D82DF020023C380 /* Model.swift in Sources */,
				EFFC4ABE2D925EB500DD45AB /* URLWatcher.swift in Sources */,
				EFA6F50C2D82DED20023C380 /* TransactionsView.swift in Sources */,
				EFA6F50D2D82DED20023C380 /* TryTransactionAPICombineApp.swift in Sources */,
				EFA6F51B2D82F1AF0023C380 /* AddTransactionView.swift in Sources */,
				EFA6F5192D82E65D0023C380 /* LoginView.swift in Sources */,
				EFA6F5142D82E03E0023C380 /* APIConnect.swift in Sources */,
			);
			runOnlyForDeploymentPostprocessing = 0;
		};
/* End PBXSourcesBuildPhase section */

/* Begin XCBuildConfiguration section */
		EFA6F5012D82DEC70023C380 /* Debug */ = {
			isa = XCBuildConfiguration;
			buildSettings = {
				ALWAYS_SEARCH_USER_PATHS = NO;
				ASSETCATALOG_COMPILER_GENERATE_SWIFT_ASSET_SYMBOL_EXTENSIONS = YES;
				CLANG_ANALYZER_NONNULL = YES;
				CLANG_ANALYZER_NUMBER_OBJECT_CONVERSION = YES_AGGRESSIVE;
				CLANG_CXX_LANGUAGE_STANDARD = "gnu++20";
				CLANG_ENABLE_MODULES = YES;
				CLANG_ENABLE_OBJC_ARC = YES;
				CLANG_ENABLE_OBJC_WEAK = YES;
				CLANG_WARN_BLOCK_CAPTURE_AUTORELEASING = YES;
				CLANG_WARN_BOOL_CONVERSION = YES;
				CLANG_WARN_COMMA = YES;
				CLANG_WARN_CONSTANT_CONVERSION = YES;
				CLANG_WARN_DEPRECATED_OBJC_IMPLEMENTATIONS = YES;
				CLANG_WARN_DIRECT_OBJC_ISA_USAGE = YES_ERROR;
				CLANG_WARN_DOCUMENTATION_COMMENTS = YES;
				CLANG_WARN_EMPTY_BODY = YES;
				CLANG_WARN_ENUM_CONVERSION = YES;
				CLANG_WARN_INFINITE_RECURSION = YES;
				CLANG_WARN_INT_CONVERSION = YES;
				CLANG_WARN_NON_LITERAL_NULL_CONVERSION = YES;
				CLANG_WARN_OBJC_IMPLICIT_RETAIN_SELF = YES;
				CLANG_WARN_OBJC_LITERAL_CONVERSION = YES;
				CLANG_WARN_OBJC_ROOT_CLASS = YES_ERROR;
				CLANG_WARN_QUOTED_INCLUDE_IN_FRAMEWORK_HEADER = YES;
				CLANG_WARN_RANGE_LOOP_ANALYSIS = YES;
				CLANG_WARN_STRICT_PROTOTYPES = YES;
				CLANG_WARN_SUSPICIOUS_MOVE = YES;
				CLANG_WARN_UNGUARDED_AVAILABILITY = YES_AGGRESSIVE;
				CLANG_WARN_UNREACHABLE_CODE = YES;
				CLANG_WARN__DUPLICATE_METHOD_MATCH = YES;
				COPY_PHASE_STRIP = NO;
				DEBUG_INFORMATION_FORMAT = dwarf;
				ENABLE_STRICT_OBJC_MSGSEND = YES;
				ENABLE_TESTABILITY = YES;
				ENABLE_USER_SCRIPT_SANDBOXING = YES;
				GCC_C_LANGUAGE_STANDARD = gnu17;
				GCC_DYNAMIC_NO_PIC = NO;
				GCC_NO_COMMON_BLOCKS = YES;
				GCC_OPTIMIZATION_LEVEL = 0;
				GCC_PREPROCESSOR_DEFINITIONS = (
					"DEBUG=1",
					"$(inherited)",
				);
				GCC_WARN_64_TO_32_BIT_CONVERSION = YES;
				GCC_WARN_ABOUT_RETURN_TYPE = YES_ERROR;
				GCC_WARN_UNDECLARED_SELECTOR = YES;
				GCC_WARN_UNINITIALIZED_AUTOS = YES_AGGRESSIVE;
				GCC_WARN_UNUSED_FUNCTION = YES;
				GCC_WARN_UNUSED_VARIABLE = YES;
				IPHONEOS_DEPLOYMENT_TARGET = 18.2;
				LOCALIZATION_PREFERS_STRING_CATALOGS = YES;
				MTL_ENABLE_DEBUG_INFO = INCLUDE_SOURCE;
				MTL_FAST_MATH = YES;
				ONLY_ACTIVE_ARCH = YES;
				SDKROOT = iphoneos;
				SWIFT_ACTIVE_COMPILATION_CONDITIONS = "DEBUG $(inherited)";
				SWIFT_OPTIMIZATION_LEVEL = "-Onone";
			};
			name = Debug;
		};
		EFA6F5022D82DEC70023C380 /* Release */ = {
			isa = XCBuildConfiguration;
			buildSettings = {
				ALWAYS_SEARCH_USER_PATHS = NO;
				ASSETCATALOG_COMPILER_GENERATE_SWIFT_ASSET_SYMBOL_EXTENSIONS = YES;
				CLANG_ANALYZER_NONNULL = YES;
				CLANG_ANALYZER_NUMBER_OBJECT_CONVERSION = YES_AGGRESSIVE;
				CLANG_CXX_LANGUAGE_STANDARD = "gnu++20";
				CLANG_ENABLE_MODULES = YES;
				CLANG_ENABLE_OBJC_ARC = YES;
				CLANG_ENABLE_OBJC_WEAK = YES;
				CLANG_WARN_BLOCK_CAPTURE_AUTORELEASING = YES;
				CLANG_WARN_BOOL_CONVERSION = YES;
				CLANG_WARN_COMMA = YES;
				CLANG_WARN_CONSTANT_CONVERSION = YES;
				CLANG_WARN_DEPRECATED_OBJC_IMPLEMENTATIONS = YES;
				CLANG_WARN_DIRECT_OBJC_ISA_USAGE = YES_ERROR;
				CLANG_WARN_DOCUMENTATION_COMMENTS = YES;
				CLANG_WARN_EMPTY_BODY = YES;
				CLANG_WARN_ENUM_CONVERSION = YES;
				CLANG_WARN_INFINITE_RECURSION = YES;
				CLANG_WARN_INT_CONVERSION = YES;
				CLANG_WARN_NON_LITERAL_NULL_CONVERSION = YES;
				CLANG_WARN_OBJC_IMPLICIT_RETAIN_SELF = YES;
				CLANG_WARN_OBJC_LITERAL_CONVERSION = YES;
				CLANG_WARN_OBJC_ROOT_CLASS = YES_ERROR;
				CLANG_WARN_QUOTED_INCLUDE_IN_FRAMEWORK_HEADER = YES;
				CLANG_WARN_RANGE_LOOP_ANALYSIS = YES;
				CLANG_WARN_STRICT_PROTOTYPES = YES;
				CLANG_WARN_SUSPICIOUS_MOVE = YES;
				CLANG_WARN_UNGUARDED_AVAILABILITY = YES_AGGRESSIVE;
				CLANG_WARN_UNREACHABLE_CODE = YES;
				CLANG_WARN__DUPLICATE_METHOD_MATCH = YES;
				COPY_PHASE_STRIP = NO;
				DEBUG_INFORMATION_FORMAT = "dwarf-with-dsym";
				ENABLE_NS_ASSERTIONS = NO;
				ENABLE_STRICT_OBJC_MSGSEND = YES;
				ENABLE_USER_SCRIPT_SANDBOXING = YES;
				GCC_C_LANGUAGE_STANDARD = gnu17;
				GCC_NO_COMMON_BLOCKS = YES;
				GCC_WARN_64_TO_32_BIT_CONVERSION = YES;
				GCC_WARN_ABOUT_RETURN_TYPE = YES_ERROR;
				GCC_WARN_UNDECLARED_SELECTOR = YES;
				GCC_WARN_UNINITIALIZED_AUTOS = YES_AGGRESSIVE;
				GCC_WARN_UNUSED_FUNCTION = YES;
				GCC_WARN_UNUSED_VARIABLE = YES;
				IPHONEOS_DEPLOYMENT_TARGET = 18.2;
				LOCALIZATION_PREFERS_STRING_CATALOGS = YES;
				MTL_ENABLE_DEBUG_INFO = NO;
				MTL_FAST_MATH = YES;
				SDKROOT = iphoneos;
				SWIFT_COMPILATION_MODE = wholemodule;
				VALIDATE_PRODUCT = YES;
			};
			name = Release;
		};
		EFA6F5042D82DEC70023C380 /* Debug */ = {
			isa = XCBuildConfiguration;
			buildSettings = {
				ASSETCATALOG_COMPILER_APPICON_NAME = AppIcon;
				ASSETCATALOG_COMPILER_GLOBAL_ACCENT_COLOR_NAME = AccentColor;
				CODE_SIGN_STYLE = Automatic;
				CURRENT_PROJECT_VERSION = 1;
				DEVELOPMENT_ASSET_PATHS = "\"TryTransactionAPICombine/Preview Content\"";
				DEVELOPMENT_TEAM = T9MD4URZFH;
				ENABLE_PREVIEWS = YES;
				GENERATE_INFOPLIST_FILE = YES;
				INFOPLIST_KEY_UIApplicationSceneManifest_Generation = YES;
				INFOPLIST_KEY_UIApplicationSupportsIndirectInputEvents = YES;
				INFOPLIST_KEY_UILaunchScreen_Generation = YES;
				INFOPLIST_KEY_UISupportedInterfaceOrientations_iPad = "UIInterfaceOrientationPortrait UIInterfaceOrientationPortraitUpsideDown UIInterfaceOrientationLandscapeLeft UIInterfaceOrientationLandscapeRight";
				INFOPLIST_KEY_UISupportedInterfaceOrientations_iPhone = "UIInterfaceOrientationPortrait UIInterfaceOrientationLandscapeLeft UIInterfaceOrientationLandscapeRight";
				LD_RUNPATH_SEARCH_PATHS = (
					"$(inherited)",
					"@executable_path/Frameworks",
				);
				MARKETING_VERSION = 1.0;
				PRODUCT_BUNDLE_IDENTIFIER = com.superkookai.TryTransactionAPICombine;
				PRODUCT_NAME = "$(TARGET_NAME)";
				SWIFT_EMIT_LOC_STRINGS = YES;
				SWIFT_VERSION = 5.0;
				TARGETED_DEVICE_FAMILY = "1,2";
			};
			name = Debug;
		};
		EFA6F5052D82DEC70023C380 /* Release */ = {
			isa = XCBuildConfiguration;
			buildSettings = {
				ASSETCATALOG_COMPILER_APPICON_NAME = AppIcon;
				ASSETCATALOG_COMPILER_GLOBAL_ACCENT_COLOR_NAME = AccentColor;
				CODE_SIGN_STYLE = Automatic;
				CURRENT_PROJECT_VERSION = 1;
				DEVELOPMENT_ASSET_PATHS = "\"TryTransactionAPICombine/Preview Content\"";
				DEVELOPMENT_TEAM = T9MD4URZFH;
				ENABLE_PREVIEWS = YES;
				GENERATE_INFOPLIST_FILE = YES;
				INFOPLIST_KEY_UIApplicationSceneManifest_Generation = YES;
				INFOPLIST_KEY_UIApplicationSupportsIndirectInputEvents = YES;
				INFOPLIST_KEY_UILaunchScreen_Generation = YES;
				INFOPLIST_KEY_UISupportedInterfaceOrientations_iPad = "UIInterfaceOrientationPortrait UIInterfaceOrientationPortraitUpsideDown UIInterfaceOrientationLandscapeLeft UIInterfaceOrientationLandscapeRight";
				INFOPLIST_KEY_UISupportedInterfaceOrientations_iPhone = "UIInterfaceOrientationPortrait UIInterfaceOrientationLandscapeLeft UIInterfaceOrientationLandscapeRight";
				LD_RUNPATH_SEARCH_PATHS = (
					"$(inherited)",
					"@executable_path/Frameworks",
				);
				MARKETING_VERSION = 1.0;
				PRODUCT_BUNDLE_IDENTIFIER = com.superkookai.TryTransactionAPICombine;
				PRODUCT_NAME = "$(TARGET_NAME)";
				SWIFT_EMIT_LOC_STRINGS = YES;
				SWIFT_VERSION = 5.0;
				TARGETED_DEVICE_FAMILY = "1,2";
			};
			name = Release;
		};
/* End XCBuildConfiguration section */

/* Begin XCConfigurationList section */
		EFA6F4F02D82DEC60023C380 /* Build configuration list for PBXProject "TryTransactionAPICombine" */ = {
			isa = XCConfigurationList;
			buildConfigurations = (
				EFA6F5012D82DEC70023C380 /* Debug */,
				EFA6F5022D82DEC70023C380 /* Release */,
			);
			defaultConfigurationIsVisible = 0;
			defaultConfigurationName = Release;
		};
		EFA6F5032D82DEC70023C380 /* Build configuration list for PBXNativeTarget "TryTransactionAPICombine" */ = {
			isa = XCConfigurationList;
			buildConfigurations = (
				EFA6F5042D82DEC70023C380 /* Debug */,
				EFA6F5052D82DEC70023C380 /* Release */,
			);
			defaultConfigurationIsVisible = 0;
			defaultConfigurationName = Release;
		};
/* End XCConfigurationList section */
	};
	rootObject = EFA6F4ED2D82DEC60023C380 /* Project object */;
}
